{
  "name": "nsw-lesson-planner-frontend",
  "version": "1.0.0",
  "lockfileVersion": 3,
  "requires": true,
  "packages": {
    "": {
      "name": "nsw-lesson-planner-frontend",
      "version": "1.0.0",
      "dependencies": {
        "react": "^18.2.0",
        "react-dom": "^18.2.0",
        "react-router-dom": "^6.15.0",
        "axios": "^1.5.0",
        "react-scripts": "5.0.1"
      }
    }
  }
}
